// !$*UTF8*$!
{
	archiveVersion = 1;
	classes = {
	};
	objectVersion = 51;
	objects = {

/* Begin PBXBuildFile section */
		6BD87CCE267F02CB00414AAB /* AppDelegate.swift in Sources */ = {isa = PBXBuildFile; fileRef = 6BD87CCD267F02CB00414AAB /* AppDelegate.swift */; };
		6BD87CD0267F02CB00414AAB /* SceneDelegate.swift in Sources */ = {isa = PBXBuildFile; fileRef = 6BD87CCF267F02CB00414AAB /* SceneDelegate.swift */; };
		6BD87CD2267F02CB00414AAB /* MainViewController.swift in Sources */ = {isa = PBXBuildFile; fileRef = 6BD87CD1267F02CB00414AAB /* MainViewController.swift */; };
		6BD87CD7267F02D100414AAB /* Assets.xcassets in Resources */ = {isa = PBXBuildFile; fileRef = 6BD87CD6267F02D100414AAB /* Assets.xcassets */; };
		6BD87CDA267F02D100414AAB /* LaunchScreen.storyboard in Resources */ = {isa = PBXBuildFile; fileRef = 6BD87CD8267F02D100414AAB /* LaunchScreen.storyboard */; };
		6BD87CE3267F13CA00414AAB /* APICaller.swift in Sources */ = {isa = PBXBuildFile; fileRef = 6BD87CE2267F13CA00414AAB /* APICaller.swift */; };
		6BD87CE6267F15B700414AAB /* PokemonResponse.swift in Sources */ = {isa = PBXBuildFile; fileRef = 6BD87CE5267F15B700414AAB /* PokemonResponse.swift */; };
		6BD87CE9267F212700414AAB /* MainCollectionViewCell.swift in Sources */ = {isa = PBXBuildFile; fileRef = 6BD87CE8267F212700414AAB /* MainCollectionViewCell.swift */; };
		6BD87CEC267F215800414AAB /* Extension.swift in Sources */ = {isa = PBXBuildFile; fileRef = 6BD87CEB267F215800414AAB /* Extension.swift */; };
		6BD87CEF267F221300414AAB /* PokemonViewModel.swift in Sources */ = {isa = PBXBuildFile; fileRef = 6BD87CEE267F221300414AAB /* PokemonViewModel.swift */; };
		97BD92B7DB11DA3C09862ADE /* Pods_Dokemon.framework in Frameworks */ = {isa = PBXBuildFile; fileRef = E6391E0D489C0C97C0E70E69 /* Pods_Dokemon.framework */; };
/* End PBXBuildFile section */

/* Begin PBXFileReference section */
		6BD87CCA267F02CB00414AAB /* Dokemon.app */ = {isa = PBXFileReference; explicitFileType = wrapper.application; includeInIndex = 0; path = Dokemon.app; sourceTree = BUILT_PRODUCTS_DIR; };
		6BD87CCD267F02CB00414AAB /* AppDelegate.swift */ = {isa = PBXFileReference; lastKnownFileType = sourcecode.swift; path = AppDelegate.swift; sourceTree = "<group>"; };
		6BD87CCF267F02CB00414AAB /* SceneDelegate.swift */ = {isa = PBXFileReference; lastKnownFileType = sourcecode.swift; path = SceneDelegate.swift; sourceTree = "<group>"; };
		6BD87CD1267F02CB00414AAB /* MainViewController.swift */ = {isa = PBXFileReference; lastKnownFileType = sourcecode.swift; path = MainViewController.swift; sourceTree = "<group>"; };
		6BD87CD6267F02D100414AAB /* Assets.xcassets */ = {isa = PBXFileReference; lastKnownFileType = folder.assetcatalog; path = Assets.xcassets; sourceTree = "<group>"; };
		6BD87CD9267F02D100414AAB /* Base */ = {isa = PBXFileReference; lastKnownFileType = file.storyboard; name = Base; path = Base.lproj/LaunchScreen.storyboard; sourceTree = "<group>"; };
		6BD87CDB267F02D100414AAB /* Info.plist */ = {isa = PBXFileReference; lastKnownFileType = text.plist.xml; path = Info.plist; sourceTree = "<group>"; };
		6BD87CE2267F13CA00414AAB /* APICaller.swift */ = {isa = PBXFileReference; lastKnownFileType = sourcecode.swift; path = APICaller.swift; sourceTree = "<group>"; };
		6BD87CE5267F15B700414AAB /* PokemonResponse.swift */ = {isa = PBXFileReference; lastKnownFileType = sourcecode.swift; path = PokemonResponse.swift; sourceTree = "<group>"; };
		6BD87CE8267F212700414AAB /* MainCollectionViewCell.swift */ = {isa = PBXFileReference; lastKnownFileType = sourcecode.swift; path = MainCollectionViewCell.swift; sourceTree = "<group>"; };
		6BD87CEB267F215800414AAB /* Extension.swift */ = {isa = PBXFileReference; lastKnownFileType = sourcecode.swift; path = Extension.swift; sourceTree = "<group>"; };
		6BD87CEE267F221300414AAB /* PokemonViewModel.swift */ = {isa = PBXFileReference; lastKnownFileType = sourcecode.swift; path = PokemonViewModel.swift; sourceTree = "<group>"; };
		CA75C372A9E56F59688A1A62 /* Pods-Dokemon.release.xcconfig */ = {isa = PBXFileReference; includeInIndex = 1; lastKnownFileType = text.xcconfig; name = "Pods-Dokemon.release.xcconfig"; path = "Target Support Files/Pods-Dokemon/Pods-Dokemon.release.xcconfig"; sourceTree = "<group>"; };
		E6391E0D489C0C97C0E70E69 /* Pods_Dokemon.framework */ = {isa = PBXFileReference; explicitFileType = wrapper.framework; includeInIndex = 0; path = Pods_Dokemon.framework; sourceTree = BUILT_PRODUCTS_DIR; };
		FCB9FD27F1D050557FC71D71 /* Pods-Dokemon.debug.xcconfig */ = {isa = PBXFileReference; includeInIndex = 1; lastKnownFileType = text.xcconfig; name = "Pods-Dokemon.debug.xcconfig"; path = "Target Support Files/Pods-Dokemon/Pods-Dokemon.debug.xcconfig"; sourceTree = "<group>"; };
/* End PBXFileReference section */

/* Begin PBXFrameworksBuildPhase section */
		6BD87CC7267F02CB00414AAB /* Frameworks */ = {
			isa = PBXFrameworksBuildPhase;
			buildActionMask = 2147483647;
			files = (
				97BD92B7DB11DA3C09862ADE /* Pods_Dokemon.framework in Frameworks */,
			);
			runOnlyForDeploymentPostprocessing = 0;
		};
/* End PBXFrameworksBuildPhase section */

/* Begin PBXGroup section */
		6BD87CC1267F02CB00414AAB = {
			isa = PBXGroup;
			children = (
				6BD87CCC267F02CB00414AAB /* Dokemon */,
				6BD87CCB267F02CB00414AAB /* Products */,
				CE990A0F9B20C40781D2B488 /* Pods */,
				B9322C88BF39329F7EE298E8 /* Frameworks */,
			);
			sourceTree = "<group>";
		};
		6BD87CCB267F02CB00414AAB /* Products */ = {
			isa = PBXGroup;
			children = (
				6BD87CCA267F02CB00414AAB /* Dokemon.app */,
			);
			name = Products;
			sourceTree = "<group>";
		};
		6BD87CCC267F02CB00414AAB /* Dokemon */ = {
			isa = PBXGroup;
			children = (
				6BD87CE4267F15A900414AAB /* Model */,
				6BD87CE7267F211B00414AAB /* View */,
				6BD87CED267F21FF00414AAB /* ViewModel */,
				6BD87CE1267F13BF00414AAB /* Service */,
				6BD87CEA267F214E00414AAB /* Utils */,
				6BD87CCD267F02CB00414AAB /* AppDelegate.swift */,
				6BD87CCF267F02CB00414AAB /* SceneDelegate.swift */,
				6BD87CD1267F02CB00414AAB /* MainViewController.swift */,
				6BD87CD6267F02D100414AAB /* Assets.xcassets */,
				6BD87CD8267F02D100414AAB /* LaunchScreen.storyboard */,
				6BD87CDB267F02D100414AAB /* Info.plist */,
			);
			path = Dokemon;
			sourceTree = "<group>";
		};
		6BD87CE1267F13BF00414AAB /* Service */ = {
			isa = PBXGroup;
			children = (
				6BD87CE2267F13CA00414AAB /* APICaller.swift */,
			);
			path = Service;
			sourceTree = "<group>";
		};
		6BD87CE4267F15A900414AAB /* Model */ = {
			isa = PBXGroup;
			children = (
				6BD87CE5267F15B700414AAB /* PokemonResponse.swift */,
			);
			path = Model;
			sourceTree = "<group>";
		};
		6BD87CE7267F211B00414AAB /* View */ = {
			isa = PBXGroup;
			children = (
				6BD87CE8267F212700414AAB /* MainCollectionViewCell.swift */,
			);
			path = View;
			sourceTree = "<group>";
		};
		6BD87CEA267F214E00414AAB /* Utils */ = {
			isa = PBXGroup;
			children = (
				6BD87CEB267F215800414AAB /* Extension.swift */,
			);
			path = Utils;
			sourceTree = "<group>";
		};
		6BD87CED267F21FF00414AAB /* ViewModel */ = {
			isa = PBXGroup;
			children = (
				6BD87CEE267F221300414AAB /* PokemonViewModel.swift */,
			);
			path = ViewModel;
			sourceTree = "<group>";
		};
		B9322C88BF39329F7EE298E8 /* Frameworks */ = {
			isa = PBXGroup;
			children = (
				E6391E0D489C0C97C0E70E69 /* Pods_Dokemon.framework */,
			);
			name = Frameworks;
			sourceTree = "<group>";
		};
		CE990A0F9B20C40781D2B488 /* Pods */ = {
			isa = PBXGroup;
			children = (
				FCB9FD27F1D050557FC71D71 /* Pods-Dokemon.debug.xcconfig */,
				CA75C372A9E56F59688A1A62 /* Pods-Dokemon.release.xcconfig */,
			);
			path = Pods;
			sourceTree = "<group>";
		};
/* End PBXGroup section */

/* Begin PBXNativeTarget section */
		6BD87CC9267F02CB00414AAB /* Dokemon */ = {
			isa = PBXNativeTarget;
			buildConfigurationList = 6BD87CDE267F02D100414AAB /* Build configuration list for PBXNativeTarget "Dokemon" */;
			buildPhases = (
				CBD9EB92641D7CFE54BC85EF /* [CP] Check Pods Manifest.lock */,
				6BD87CC6267F02CB00414AAB /* Sources */,
				6BD87CC7267F02CB00414AAB /* Frameworks */,
				6BD87CC8267F02CB00414AAB /* Resources */,
				5F632E856D871E3A6E154185 /* [CP] Embed Pods Frameworks */,
			);
			buildRules = (
			);
			dependencies = (
			);
			name = Dokemon;
			productName = Dokemon;
			productReference = 6BD87CCA267F02CB00414AAB /* Dokemon.app */;
			productType = "com.apple.product-type.application";
		};
/* End PBXNativeTarget section */

/* Begin PBXProject section */
		6BD87CC2267F02CB00414AAB /* Project object */ = {
			isa = PBXProject;
			attributes = {
				LastSwiftUpdateCheck = 1250;
				LastUpgradeCheck = 1250;
				TargetAttributes = {
					6BD87CC9267F02CB00414AAB = {
						CreatedOnToolsVersion = 12.5;
					};
				};
			};
			buildConfigurationList = 6BD87CC5267F02CB00414AAB /* Build configuration list for PBXProject "Dokemon" */;
			compatibilityVersion = "Xcode 9.3";
			developmentRegion = en;
			hasScannedForEncodings = 0;
			knownRegions = (
				en,
				Base,
			);
			mainGroup = 6BD87CC1267F02CB00414AAB;
			productRefGroup = 6BD87CCB267F02CB00414AAB /* Products */;
			projectDirPath = "";
			projectRoot = "";
			targets = (
				6BD87CC9267F02CB00414AAB /* Dokemon */,
			);
		};
/* End PBXProject section */

/* Begin PBXResourcesBuildPhase section */
		6BD87CC8267F02CB00414AAB /* Resources */ = {
			isa = PBXResourcesBuildPhase;
			buildActionMask = 2147483647;
			files = (
				6BD87CDA267F02D100414AAB /* LaunchScreen.storyboard in Resources */,
				6BD87CD7267F02D100414AAB /* Assets.xcassets in Resources */,
			);
			runOnlyForDeploymentPostprocessing = 0;
		};
/* End PBXResourcesBuildPhase section */

/* Begin PBXShellScriptBuildPhase section */
		5F632E856D871E3A6E154185 /* [CP] Embed Pods Frameworks */ = {
			isa = PBXShellScriptBuildPhase;
			buildActionMask = 2147483647;
			files = (
			);
			inputFileListPaths = (
				"${PODS_ROOT}/Target Support Files/Pods-Dokemon/Pods-Dokemon-frameworks-${CONFIGURATION}-input-files.xcfilelist",
			);
			name = "[CP] Embed Pods Frameworks";
			outputFileListPaths = (
				"${PODS_ROOT}/Target Support Files/Pods-Dokemon/Pods-Dokemon-frameworks-${CONFIGURATION}-output-files.xcfilelist",
			);
			runOnlyForDeploymentPostprocessing = 0;
			shellPath = /bin/sh;
			shellScript = "\"${PODS_ROOT}/Target Support Files/Pods-Dokemon/Pods-Dokemon-frameworks.sh\"\n";
			showEnvVarsInLog = 0;
		};
		CBD9EB92641D7CFE54BC85EF /* [CP] Check Pods Manifest.lock */ = {
			isa = PBXShellScriptBuildPhase;
			buildActionMask = 2147483647;
			files = (
			);
			inputFileListPaths = (
			);
			inputPaths = (
				"${PODS_PODFILE_DIR_PATH}/Podfile.lock",
				"${PODS_ROOT}/Manifest.lock",
			);
			name = "[CP] Check Pods Manifest.lock";
			outputFileListPaths = (
			);
			outputPaths = (
				"$(DERIVED_FILE_DIR)/Pods-Dokemon-checkManifestLockResult.txt",
			);
			runOnlyForDeploymentPostprocessing = 0;
			shellPath = /bin/sh;
			shellScript = "diff \"${PODS_PODFILE_DIR_PATH}/Podfile.lock\" \"${PODS_ROOT}/Manifest.lock\" > /dev/null\nif [ $? != 0 ] ; then\n    # print error to STDERR\n    echo \"error: The sandbox is not in sync with the Podfile.lock. Run 'pod install' or update your CocoaPods installation.\" >&2\n    exit 1\nfi\n# This output is used by Xcode 'outputs' to avoid re-running this script phase.\necho \"SUCCESS\" > \"${SCRIPT_OUTPUT_FILE_0}\"\n";
			showEnvVarsInLog = 0;
		};
/* End PBXShellScriptBuildPhase section */

/* Begin PBXSourcesBuildPhase section */
		6BD87CC6267F02CB00414AAB /* Sources */ = {
			isa = PBXSourcesBuildPhase;
			buildActionMask = 2147483647;
			files = (
				6BD87CD2267F02CB00414AAB /* MainViewController.swift in Sources */,
				6BD87CE9267F212700414AAB /* MainCollectionViewCell.swift in Sources */,
				6BD87CEC267F215800414AAB /* Extension.swift in Sources */,
				6BD87CCE267F02CB00414AAB /* AppDelegate.swift in Sources */,
				6BD87CD0267F02CB00414AAB /* SceneDelegate.swift in Sources */,
				6BD87CE6267F15B700414AAB /* PokemonResponse.swift in Sources */,
				6BD87CEF267F221300414AAB /* PokemonViewModel.swift in Sources */,
				6BD87CE3267F13CA00414AAB /* APICaller.swift in Sources */,
			);
			runOnlyForDeploymentPostprocessing = 0;
		};
/* End PBXSourcesBuildPhase section */

/* Begin PBXVariantGroup section */
		6BD87CD8267F02D100414AAB /* LaunchScreen.storyboard */ = {
			isa = PBXVariantGroup;
			children = (
				6BD87CD9267F02D100414AAB /* Base */,
			);
			name = LaunchScreen.storyboard;
			sourceTree = "<group>";
		};
/* End PBXVariantGroup section */

/* Begin XCBuildConfiguration section */
		6BD87CDC267F02D100414AAB /* Debug */ = {
			isa = XCBuildConfiguration;
			buildSettings = {
				ALWAYS_SEARCH_USER_PATHS = NO;
				CLANG_ANALYZER_NONNULL = YES;
				CLANG_ANALYZER_NUMBER_OBJECT_CONVERSION = YES_AGGRESSIVE;
				CLANG_CXX_LANGUAGE_STANDARD = "gnu++14";
				CLANG_CXX_LIBRARY = "libc++";
				CLANG_ENABLE_MODULES = YES;
				CLANG_ENABLE_OBJC_ARC = YES;
				CLANG_ENABLE_OBJC_WEAK = YES;
				CLANG_WARN_BLOCK_CAPTURE_AUTORELEASING = YES;
				CLANG_WARN_BOOL_CONVERSION = YES;
				CLANG_WARN_COMMA = YES;
				CLANG_WARN_CONSTANT_CONVERSION = YES;
				CLANG_WARN_DEPRECATED_OBJC_IMPLEMENTATIONS = YES;
				CLANG_WARN_DIRECT_OBJC_ISA_USAGE = YES_ERROR;
				CLANG_WARN_DOCUMENTATION_COMMENTS = YES;
				CLANG_WARN_EMPTY_BODY = YES;
				CLANG_WARN_ENUM_CONVERSION = YES;
				CLANG_WARN_INFINITE_RECURSION = YES;
				CLANG_WARN_INT_CONVERSION = YES;
				CLANG_WARN_NON_LITERAL_NULL_CONVERSION = YES;
				CLANG_WARN_OBJC_IMPLICIT_RETAIN_SELF = YES;
				CLANG_WARN_OBJC_LITERAL_CONVERSION = YES;
				CLANG_WARN_OBJC_ROOT_CLASS = YES_ERROR;
				CLANG_WARN_QUOTED_INCLUDE_IN_FRAMEWORK_HEADER = YES;
				CLANG_WARN_RANGE_LOOP_ANALYSIS = YES;
				CLANG_WARN_STRICT_PROTOTYPES = YES;
				CLANG_WARN_SUSPICIOUS_MOVE = YES;
				CLANG_WARN_UNGUARDED_AVAILABILITY = YES_AGGRESSIVE;
				CLANG_WARN_UNREACHABLE_CODE = YES;
				CLANG_WARN__DUPLICATE_METHOD_MATCH = YES;
				COPY_PHASE_STRIP = NO;
				DEBUG_INFORMATION_FORMAT = dwarf;
				ENABLE_STRICT_OBJC_MSGSEND = YES;
				ENABLE_TESTABILITY = YES;
				GCC_C_LANGUAGE_STANDARD = gnu11;
				GCC_DYNAMIC_NO_PIC = NO;
				GCC_NO_COMMON_BLOCKS = YES;
				GCC_OPTIMIZATION_LEVEL = 0;
				GCC_PREPROCESSOR_DEFINITIONS = (
					"DEBUG=1",
					"$(inherited)",
				);
				GCC_WARN_64_TO_32_BIT_CONVERSION = YES;
				GCC_WARN_ABOUT_RETURN_TYPE = YES_ERROR;
				GCC_WARN_UNDECLARED_SELECTOR = YES;
				GCC_WARN_UNINITIALIZED_AUTOS = YES_AGGRESSIVE;
				GCC_WARN_UNUSED_FUNCTION = YES;
				GCC_WARN_UNUSED_VARIABLE = YES;
				IPHONEOS_DEPLOYMENT_TARGET = 14.5;
				MTL_ENABLE_DEBUG_INFO = INCLUDE_SOURCE;
				MTL_FAST_MATH = YES;
				ONLY_ACTIVE_ARCH = YES;
				SDKROOT = iphoneos;
				SWIFT_ACTIVE_COMPILATION_CONDITIONS = DEBUG;
				SWIFT_OPTIMIZATION_LEVEL = "-Onone";
			};
			name = Debug;
		};
		6BD87CDD267F02D100414AAB /* Release */ = {
			isa = XCBuildConfiguration;
			buildSettings = {
				ALWAYS_SEARCH_USER_PATHS = NO;
				CLANG_ANALYZER_NONNULL = YES;
				CLANG_ANALYZER_NUMBER_OBJECT_CONVERSION = YES_AGGRESSIVE;
				CLANG_CXX_LANGUAGE_STANDARD = "gnu++14";
				CLANG_CXX_LIBRARY = "libc++";
				CLANG_ENABLE_MODULES = YES;
				CLANG_ENABLE_OBJC_ARC = YES;
				CLANG_ENABLE_OBJC_WEAK = YES;
				CLANG_WARN_BLOCK_CAPTURE_AUTORELEASING = YES;
				CLANG_WARN_BOOL_CONVERSION = YES;
				CLANG_WARN_COMMA = YES;
				CLANG_WARN_CONSTANT_CONVERSION = YES;
				CLANG_WARN_DEPRECATED_OBJC_IMPLEMENTATIONS = YES;
				CLANG_WARN_DIRECT_OBJC_ISA_USAGE = YES_ERROR;
				CLANG_WARN_DOCUMENTATION_COMMENTS = YES;
				CLANG_WARN_EMPTY_BODY = YES;
				CLANG_WARN_ENUM_CONVERSION = YES;
				CLANG_WARN_INFINITE_RECURSION = YES;
				CLANG_WARN_INT_CONVERSION = YES;
				CLANG_WARN_NON_LITERAL_NULL_CONVERSION = YES;
				CLANG_WARN_OBJC_IMPLICIT_RETAIN_SELF = YES;
				CLANG_WARN_OBJC_LITERAL_CONVERSION = YES;
				CLANG_WARN_OBJC_ROOT_CLASS = YES_ERROR;
				CLANG_WARN_QUOTED_INCLUDE_IN_FRAMEWORK_HEADER = YES;
				CLANG_WARN_RANGE_LOOP_ANALYSIS = YES;
				CLANG_WARN_STRICT_PROTOTYPES = YES;
				CLANG_WARN_SUSPICIOUS_MOVE = YES;
				CLANG_WARN_UNGUARDED_AVAILABILITY = YES_AGGRESSIVE;
				CLANG_WARN_UNREACHABLE_CODE = YES;
				CLANG_WARN__DUPLICATE_METHOD_MATCH = YES;
				COPY_PHASE_STRIP = NO;
				DEBUG_INFORMATION_FORMAT = "dwarf-with-dsym";
				ENABLE_NS_ASSERTIONS = NO;
				ENABLE_STRICT_OBJC_MSGSEND = YES;
				GCC_C_LANGUAGE_STANDARD = gnu11;
				GCC_NO_COMMON_BLOCKS = YES;
				GCC_WARN_64_TO_32_BIT_CONVERSION = YES;
				GCC_WARN_ABOUT_RETURN_TYPE = YES_ERROR;
				GCC_WARN_UNDECLARED_SELECTOR = YES;
				GCC_WARN_UNINITIALIZED_AUTOS = YES_AGGRESSIVE;
				GCC_WARN_UNUSED_FUNCTION = YES;
				GCC_WARN_UNUSED_VARIABLE = YES;
				IPHONEOS_DEPLOYMENT_TARGET = 14.5;
				MTL_ENABLE_DEBUG_INFO = NO;
				MTL_FAST_MATH = YES;
				SDKROOT = iphoneos;
				SWIFT_COMPILATION_MODE = wholemodule;
				SWIFT_OPTIMIZATION_LEVEL = "-O";
				VALIDATE_PRODUCT = YES;
			};
			name = Release;
		};
		6BD87CDF267F02D100414AAB /* Debug */ = {
			isa = XCBuildConfiguration;
			baseConfigurationReference = FCB9FD27F1D050557FC71D71 /* Pods-Dokemon.debug.xcconfig */;
			buildSettings = {
				ASSETCATALOG_COMPILER_APPICON_NAME = AppIcon;
				ASSETCATALOG_COMPILER_GLOBAL_ACCENT_COLOR_NAME = AccentColor;
				CODE_SIGN_STYLE = Automatic;
				DEVELOPMENT_TEAM = A6SVV7LMGJ;
				INFOPLIST_FILE = Dokemon/Info.plist;
				LD_RUNPATH_SEARCH_PATHS = (
					"$(inherited)",
					"@executable_path/Frameworks",
				);
				PRODUCT_BUNDLE_IDENTIFIER = edolorenza.codes.Dokemon;
				PRODUCT_NAME = "$(TARGET_NAME)";
				SWIFT_VERSION = 5.0;
				TARGETED_DEVICE_FAMILY = "1,2";
			};
			name = Debug;
		};
		6BD87CE0267F02D100414AAB /* Release */ = {
			isa = XCBuildConfiguration;
			baseConfigurationReference = CA75C372A9E56F59688A1A62 /* Pods-Dokemon.release.xcconfig */;
			buildSettings = {
				ASSETCATALOG_COMPILER_APPICON_NAME = AppIcon;
				ASSETCATALOG_COMPILER_GLOBAL_ACCENT_COLOR_NAME = AccentColor;
				CODE_SIGN_STYLE = Automatic;
				DEVELOPMENT_TEAM = A6SVV7LMGJ;
				INFOPLIST_FILE = Dokemon/Info.plist;
				LD_RUNPATH_SEARCH_PATHS = (
					"$(inherited)",
					"@executable_path/Frameworks",
				);
				PRODUCT_BUNDLE_IDENTIFIER = edolorenza.codes.Dokemon;
				PRODUCT_NAME = "$(TARGET_NAME)";
				SWIFT_VERSION = 5.0;
				TARGETED_DEVICE_FAMILY = "1,2";
			};
			name = Release;
		};
/* End XCBuildConfiguration section */

/* Begin XCConfigurationList section */
		6BD87CC5267F02CB00414AAB /* Build configuration list for PBXProject "Dokemon" */ = {
			isa = XCConfigurationList;
			buildConfigurations = (
				6BD87CDC267F02D100414AAB /* Debug */,
				6BD87CDD267F02D100414AAB /* Release */,
			);
			defaultConfigurationIsVisible = 0;
			defaultConfigurationName = Release;
		};
		6BD87CDE267F02D100414AAB /* Build configuration list for PBXNativeTarget "Dokemon" */ = {
			isa = XCConfigurationList;
			buildConfigurations = (
				6BD87CDF267F02D100414AAB /* Debug */,
				6BD87CE0267F02D100414AAB /* Release */,
			);
			defaultConfigurationIsVisible = 0;
			defaultConfigurationName = Release;
		};
/* End XCConfigurationList section */
	};
	rootObject = 6BD87CC2267F02CB00414AAB /* Project object */;
}
